
Microsoft Visual Studio Solution File, Format Version 12.00
# Visual Studio Version 17
VisualStudioVersion = 17.5.002.0
MinimumVisualStudioVersion = 10.0.40219.1
Project("{9A19103F-16F7-4668-BE54-9A1E7A4F7556}") = "GetStartedApp.Tests", "GetStartedApp.Tests\GetStartedApp.Tests.csproj", "{62A8DDB2-2CAC-4C08-803E-031A46461D1D}"
EndProject
Global
	GlobalSection(SolutionConfigurationPlatforms) = preSolution
		Debug|Any CPU = Debug|Any CPU
		Release|Any CPU = Release|Any CPU
	EndGlobalSection
	GlobalSection(ProjectConfigurationPlatforms) = postSolution
		{62A8DDB2-2CAC-4C08-803E-031A46461D1D}.Debug|Any CPU.ActiveCfg = Debug|Any CPU
		{62A8DDB2-2CAC-4C08-803E-031A46461D1D}.Debug|Any CPU.Build.0 = Debug|Any CPU
		{62A8DDB2-2CAC-4C08-803E-031A46461D1D}.Release|Any CPU.ActiveCfg = Release|Any CPU
		{62A8DDB2-2CAC-4C08-803E-031A46461D1D}.Release|Any CPU.Build.0 = Release|Any CPU
	EndGlobalSection
	GlobalSection(SolutionProperties) = preSolution
		HideSolutionNode = FALSE
	EndGlobalSection
	GlobalSection(ExtensibilityGlobals) = postSolution
		SolutionGuid = {A6A656F7-944F-4029-A35E-977BBA4F3AAF}
	EndGlobalSection
EndGlobal
